
Microsoft Visual Studio Solution File, Format Version 12.00
# Visual Studio 15
VisualStudioVersion = 15.0.28010.2048
MinimumVisualStudioVersion = 10.0.40219.1
Project("{FAE04EC0-301F-11D3-BF4B-00C04F79EFBC}") = "Exhibition.WPF.View", "Exhibition.WPF.View\Exhibition.WPF.View.csproj", "{05F70415-8E13-4A69-963F-7BFAE4791615}"
EndProject
Project("{FAE04EC0-301F-11D3-BF4B-00C04F79EFBC}") = "Exhibition.ViewModel", "Exhibition.ViewModel\Exhibition.ViewModel.csproj", "{D91AF856-0E14-43F0-B472-315DB942DCC7}"
EndProject
Project("{FAE04EC0-301F-11D3-BF4B-00C04F79EFBC}") = "Exhibition", "Exhibition\Exhibition.csproj", "{1B7A7048-A27C-480D-9A50-854A6313A7E2}"
EndProject
Project("{FAE04EC0-301F-11D3-BF4B-00C04F79EFBC}") = "ConsoleApp1", "ConsoleApp1\ConsoleApp1.csproj", "{2C6A69C1-C359-4B92-80D7-FA50A610F3AC}"
EndProject
Project("{FAE04EC0-301F-11D3-BF4B-00C04F79EFBC}") = "Exhibition.Model", "Exhibition.Model\Exhibition.Model.csproj", "{9DB060E0-208F-40C8-BDCF-7AEFA6BB3CA1}"
EndProject
Global
	GlobalSection(SolutionConfigurationPlatforms) = preSolution
		Debug|Any CPU = Debug|Any CPU
		Debug|ARM = Debug|ARM
		Debug|x64 = Debug|x64
		Debug|x86 = Debug|x86
		Release|Any CPU = Release|Any CPU
		Release|ARM = Release|ARM
		Release|x64 = Release|x64
		Release|x86 = Release|x86
	EndGlobalSection
	GlobalSection(ProjectConfigurationPlatforms) = postSolution
		{05F70415-8E13-4A69-963F-7BFAE4791615}.Debug|Any CPU.ActiveCfg = Debug|Any CPU
		{05F70415-8E13-4A69-963F-7BFAE4791615}.Debug|Any CPU.Build.0 = Debug|Any CPU
		{05F70415-8E13-4A69-963F-7BFAE4791615}.Debug|ARM.ActiveCfg = Debug|Any CPU
		{05F70415-8E13-4A69-963F-7BFAE4791615}.Debug|ARM.Build.0 = Debug|Any CPU
		{05F70415-8E13-4A69-963F-7BFAE4791615}.Debug|x64.ActiveCfg = Debug|Any CPU
		{05F70415-8E13-4A69-963F-7BFAE4791615}.Debug|x64.Build.0 = Debug|Any CPU
		{05F70415-8E13-4A69-963F-7BFAE4791615}.Debug|x86.ActiveCfg = Debug|Any CPU
		{05F70415-8E13-4A69-963F-7BFAE4791615}.Debug|x86.Build.0 = Debug|Any CPU
		{05F70415-8E13-4A69-963F-7BFAE4791615}.Release|Any CPU.ActiveCfg = Release|Any CPU
		{05F70415-8E13-4A69-963F-7BFAE4791615}.Release|Any CPU.Build.0 = Release|Any CPU
		{05F70415-8E13-4A69-963F-7BFAE4791615}.Release|ARM.ActiveCfg = Release|Any CPU
		{05F70415-8E13-4A69-963F-7BFAE4791615}.Release|ARM.Build.0 = Release|Any CPU
		{05F70415-8E13-4A69-963F-7BFAE4791615}.Release|x64.ActiveCfg = Release|Any CPU
		{05F70415-8E13-4A69-963F-7BFAE4791615}.Release|x64.Build.0 = Release|Any CPU
		{05F70415-8E13-4A69-963F-7BFAE4791615}.Release|x86.ActiveCfg = Release|Any CPU
		{05F70415-8E13-4A69-963F-7BFAE4791615}.Release|x86.Build.0 = Release|Any CPU
		{D91AF856-0E14-43F0-B472-315DB942DCC7}.Debug|Any CPU.ActiveCfg = Debug|Any CPU
		{D91AF856-0E14-43F0-B472-315DB942DCC7}.Debug|Any CPU.Build.0 = Debug|Any CPU
		{D91AF856-0E14-43F0-B472-315DB942DCC7}.Debug|ARM.ActiveCfg = Debug|Any CPU
		{D91AF856-0E14-43F0-B472-315DB942DCC7}.Debug|ARM.Build.0 = Debug|Any CPU
		{D91AF856-0E14-43F0-B472-315DB942DCC7}.Debug|x64.ActiveCfg = Debug|Any CPU
		{D91AF856-0E14-43F0-B472-315DB942DCC7}.Debug|x64.Build.0 = Debug|Any CPU
		{D91AF856-0E14-43F0-B472-315DB942DCC7}.Debug|x86.ActiveCfg = Debug|Any CPU
		{D91AF856-0E14-43F0-B472-315DB942DCC7}.Debug|x86.Build.0 = Debug|Any CPU
		{D91AF856-0E14-43F0-B472-315DB942DCC7}.Release|Any CPU.ActiveCfg = Release|Any CPU
		{D91AF856-0E14-43F0-B472-315DB942DCC7}.Release|Any CPU.Build.0 = Release|Any CPU
		{D91AF856-0E14-43F0-B472-315DB942DCC7}.Release|ARM.ActiveCfg = Release|Any CPU
		{D91AF856-0E14-43F0-B472-315DB942DCC7}.Release|ARM.Build.0 = Release|Any CPU
		{D91AF856-0E14-43F0-B472-315DB942DCC7}.Release|x64.ActiveCfg = Release|Any CPU
		{D91AF856-0E14-43F0-B472-315DB942DCC7}.Release|x64.Build.0 = Release|Any CPU
		{D91AF856-0E14-43F0-B472-315DB942DCC7}.Release|x86.ActiveCfg = Release|Any CPU
		{D91AF856-0E14-43F0-B472-315DB942DCC7}.Release|x86.Build.0 = Release|Any CPU
		{1B7A7048-A27C-480D-9A50-854A6313A7E2}.Debug|Any CPU.ActiveCfg = Debug|Any CPU
		{1B7A7048-A27C-480D-9A50-854A6313A7E2}.Debug|Any CPU.Build.0 = Debug|Any CPU
		{1B7A7048-A27C-480D-9A50-854A6313A7E2}.Debug|ARM.ActiveCfg = Debug|Any CPU
		{1B7A7048-A27C-480D-9A50-854A6313A7E2}.Debug|ARM.Build.0 = Debug|Any CPU
		{1B7A7048-A27C-480D-9A50-854A6313A7E2}.Debug|x64.ActiveCfg = Debug|Any CPU
		{1B7A7048-A27C-480D-9A50-854A6313A7E2}.Debug|x64.Build.0 = Debug|Any CPU
		{1B7A7048-A27C-480D-9A50-854A6313A7E2}.Debug|x86.ActiveCfg = Debug|Any CPU
		{1B7A7048-A27C-480D-9A50-854A6313A7E2}.Debug|x86.Build.0 = Debug|Any CPU
		{1B7A7048-A27C-480D-9A50-854A6313A7E2}.Release|Any CPU.ActiveCfg = Release|Any CPU
		{1B7A7048-A27C-480D-9A50-854A6313A7E2}.Release|Any CPU.Build.0 = Release|Any CPU
		{1B7A7048-A27C-480D-9A50-854A6313A7E2}.Release|ARM.ActiveCfg = Release|Any CPU
		{1B7A7048-A27C-480D-9A50-854A6313A7E2}.Release|ARM.Build.0 = Release|Any CPU
		{1B7A7048-A27C-480D-9A50-854A6313A7E2}.Release|x64.ActiveCfg = Release|Any CPU
		{1B7A7048-A27C-480D-9A50-854A6313A7E2}.Release|x64.Build.0 = Release|Any CPU
		{1B7A7048-A27C-480D-9A50-854A6313A7E2}.Release|x86.ActiveCfg = Release|Any CPU
		{1B7A7048-A27C-480D-9A50-854A6313A7E2}.Release|x86.Build.0 = Release|Any CPU
		{2C6A69C1-C359-4B92-80D7-FA50A610F3AC}.Debug|Any CPU.ActiveCfg = Debug|Any CPU
		{2C6A69C1-C359-4B92-80D7-FA50A610F3AC}.Debug|Any CPU.Build.0 = Debug|Any CPU
		{2C6A69C1-C359-4B92-80D7-FA50A610F3AC}.Debug|ARM.ActiveCfg = Debug|Any CPU
		{2C6A69C1-C359-4B92-80D7-FA50A610F3AC}.Debug|ARM.Build.0 = Debug|Any CPU
		{2C6A69C1-C359-4B92-80D7-FA50A610F3AC}.Debug|x64.ActiveCfg = Debug|Any CPU
		{2C6A69C1-C359-4B92-80D7-FA50A610F3AC}.Debug|x64.Build.0 = Debug|Any CPU
		{2C6A69C1-C359-4B92-80D7-FA50A610F3AC}.Debug|x86.ActiveCfg = Debug|Any CPU
		{2C6A69C1-C359-4B92-80D7-FA50A610F3AC}.Debug|x86.Build.0 = Debug|Any CPU
		{2C6A69C1-C359-4B92-80D7-FA50A610F3AC}.Release|Any CPU.ActiveCfg = Release|Any CPU
		{2C6A69C1-C359-4B92-80D7-FA50A610F3AC}.Release|Any CPU.Build.0 = Release|Any CPU
		{2C6A69C1-C359-4B92-80D7-FA50A610F3AC}.Release|ARM.ActiveCfg = Release|Any CPU
		{2C6A69C1-C359-4B92-80D7-FA50A610F3AC}.Release|ARM.Build.0 = Release|Any CPU
		{2C6A69C1-C359-4B92-80D7-FA50A610F3AC}.Release|x64.ActiveCfg = Release|Any CPU
		{2C6A69C1-C359-4B92-80D7-FA50A610F3AC}.Release|x64.Build.0 = Release|Any CPU
		{2C6A69C1-C359-4B92-80D7-FA50A610F3AC}.Release|x86.ActiveCfg = Release|Any CPU
		{2C6A69C1-C359-4B92-80D7-FA50A610F3AC}.Release|x86.Build.0 = Release|Any CPU
		{9DB060E0-208F-40C8-BDCF-7AEFA6BB3CA1}.Debug|Any CPU.ActiveCfg = Debug|Any CPU
		{9DB060E0-208F-40C8-BDCF-7AEFA6BB3CA1}.Debug|Any CPU.Build.0 = Debug|Any CPU
		{9DB060E0-208F-40C8-BDCF-7AEFA6BB3CA1}.Debug|ARM.ActiveCfg = Debug|Any CPU
		{9DB060E0-208F-40C8-BDCF-7AEFA6BB3CA1}.Debug|ARM.Build.0 = Debug|Any CPU
		{9DB060E0-208F-40C8-BDCF-7AEFA6BB3CA1}.Debug|x64.ActiveCfg = Debug|Any CPU
		{9DB060E0-208F-40C8-BDCF-7AEFA6BB3CA1}.Debug|x64.Build.0 = Debug|Any CPU
		{9DB060E0-208F-40C8-BDCF-7AEFA6BB3CA1}.Debug|x86.ActiveCfg = Debug|Any CPU
		{9DB060E0-208F-40C8-BDCF-7AEFA6BB3CA1}.Debug|x86.Build.0 = Debug|Any CPU
		{9DB060E0-208F-40C8-BDCF-7AEFA6BB3CA1}.Release|Any CPU.ActiveCfg = Release|Any CPU
		{9DB060E0-208F-40C8-BDCF-7AEFA6BB3CA1}.Release|Any CPU.Build.0 = Release|Any CPU
		{9DB060E0-208F-40C8-BDCF-7AEFA6BB3CA1}.Release|ARM.ActiveCfg = Release|Any CPU
		{9DB060E0-208F-40C8-BDCF-7AEFA6BB3CA1}.Release|ARM.Build.0 = Release|Any CPU
		{9DB060E0-208F-40C8-BDCF-7AEFA6BB3CA1}.Release|x64.ActiveCfg = Release|Any CPU
		{9DB060E0-208F-40C8-BDCF-7AEFA6BB3CA1}.Release|x64.Build.0 = Release|Any CPU
		{9DB060E0-208F-40C8-BDCF-7AEFA6BB3CA1}.Release|x86.ActiveCfg = Release|Any CPU
		{9DB060E0-208F-40C8-BDCF-7AEFA6BB3CA1}.Release|x86.Build.0 = Release|Any CPU
	EndGlobalSection
	GlobalSection(SolutionProperties) = preSolution
		HideSolutionNode = FALSE
	EndGlobalSection
	GlobalSection(ExtensibilityGlobals) = postSolution
		SolutionGuid = {CAC60573-863D-47DA-A44B-1F0BDB361C6F}
	EndGlobalSection
EndGlobal
